
Microsoft Visual Studio Solution File, Format Version 12.00
Project("{2150E333-8FDC-42A3-9474-1A3956D46DE8}") = "Core", "Core", "{1D0070BC-82F2-4981-9DD2-B82C57D4D903}"
EndProject
Project("{2150E333-8FDC-42A3-9474-1A3956D46DE8}") = "Infrastructure", "Infrastructure", "{921A7FB9-D4D1-4EFD-9B09-C1CB18066486}"
EndProject
Project("{2150E333-8FDC-42A3-9474-1A3956D46DE8}") = "Presentation", "Presentation", "{971D7AA2-0FF7-4FD1-955E-7C797090EB63}"
EndProject
Project("{FAE04EC0-301F-11D3-BF4B-00C04F79EFBC}") = "Application", "Application\Application.csproj", "{E551F33E-F7CA-40A2-A558-3606BB315E6A}"
EndProject
Project("{FAE04EC0-301F-11D3-BF4B-00C04F79EFBC}") = "Domain", "Domain\Domain.csproj", "{0F0B3DD5-C1FF-4F20-96A8-415F126157FE}"
EndProject
Project("{FAE04EC0-301F-11D3-BF4B-00C04F79EFBC}") = "Persistence", "Persistence\Persistence.csproj", "{73863813-0A40-4B48-BDA2-54D7946544AF}"
EndProject
Project("{FAE04EC0-301F-11D3-BF4B-00C04F79EFBC}") = "WebApp", "WebApp\WebApp.csproj", "{F8DED032-5F6B-44A5-9687-B24FF0F5CFDB}"
EndProject
Project("{FAE04EC0-301F-11D3-BF4B-00C04F79EFBC}") = "Email", "Email\Email.csproj", "{AB0208CA-B8EA-4F9B-B6DD-F2502BAA9BCA}"
EndProject
Project("{FAE04EC0-301F-11D3-BF4B-00C04F79EFBC}") = "ThirdPartyAuthService", "ThirdPartyAuthService\ThirdPartyAuthService.csproj", "{D1134405-E877-4DF7-BCF2-DB55D3B6277E}"
EndProject
Project("{FAE04EC0-301F-11D3-BF4B-00C04F79EFBC}") = "AppleAuth", "AppleAuth\AppleAuth.csproj", "{C52CEFF8-5412-4E3F-817D-C8E9AA0A5F17}"
EndProject
Project("{FAE04EC0-301F-11D3-BF4B-00C04F79EFBC}") = "FileStorage", "FileStorage\FileStorage.csproj", "{B45EA1BF-6716-47CF-BC30-B0B86B01236F}"
EndProject
Project("{FAE04EC0-301F-11D3-BF4B-00C04F79EFBC}") = "SmartContract", "SmartContract\SmartContract.csproj", "{B3D94990-5483-4368-B3E2-A171E6217FB3}"
EndProject
Project("{FAE04EC0-301F-11D3-BF4B-00C04F79EFBC}") = "NftMetadataLoader", "NftMetadataLoader\NftMetadataLoader.csproj", "{DDC93AC1-B98B-4595-AD6D-C81D7741EAB9}"
EndProject
Project("{FAE04EC0-301F-11D3-BF4B-00C04F79EFBC}") = "AwsS3", "AwsS3\AwsS3.csproj", "{E9753F68-5187-4E60-9F79-02F6B6D760C7}"
EndProject
Project("{FAE04EC0-301F-11D3-BF4B-00C04F79EFBC}") = "Moralis", "Moralis\Moralis.csproj", "{A93377F3-D2FC-4C9D-BD1E-41006D884102}"
EndProject
Global
	GlobalSection(SolutionConfigurationPlatforms) = preSolution
		Debug|Any CPU = Debug|Any CPU
		Release|Any CPU = Release|Any CPU
	EndGlobalSection
	GlobalSection(NestedProjects) = preSolution
		{E551F33E-F7CA-40A2-A558-3606BB315E6A} = {1D0070BC-82F2-4981-9DD2-B82C57D4D903}
		{0F0B3DD5-C1FF-4F20-96A8-415F126157FE} = {1D0070BC-82F2-4981-9DD2-B82C57D4D903}
		{73863813-0A40-4B48-BDA2-54D7946544AF} = {921A7FB9-D4D1-4EFD-9B09-C1CB18066486}
		{F8DED032-5F6B-44A5-9687-B24FF0F5CFDB} = {971D7AA2-0FF7-4FD1-955E-7C797090EB63}
		{AB0208CA-B8EA-4F9B-B6DD-F2502BAA9BCA} = {921A7FB9-D4D1-4EFD-9B09-C1CB18066486}
		{D1134405-E877-4DF7-BCF2-DB55D3B6277E} = {921A7FB9-D4D1-4EFD-9B09-C1CB18066486}
		{C52CEFF8-5412-4E3F-817D-C8E9AA0A5F17} = {921A7FB9-D4D1-4EFD-9B09-C1CB18066486}
		{B45EA1BF-6716-47CF-BC30-B0B86B01236F} = {921A7FB9-D4D1-4EFD-9B09-C1CB18066486}
		{B3D94990-5483-4368-B3E2-A171E6217FB3} = {921A7FB9-D4D1-4EFD-9B09-C1CB18066486}
		{DDC93AC1-B98B-4595-AD6D-C81D7741EAB9} = {921A7FB9-D4D1-4EFD-9B09-C1CB18066486}
		{E9753F68-5187-4E60-9F79-02F6B6D760C7} = {921A7FB9-D4D1-4EFD-9B09-C1CB18066486}
		{A93377F3-D2FC-4C9D-BD1E-41006D884102} = {921A7FB9-D4D1-4EFD-9B09-C1CB18066486}
	EndGlobalSection
	GlobalSection(ProjectConfigurationPlatforms) = postSolution
		{E551F33E-F7CA-40A2-A558-3606BB315E6A}.Debug|Any CPU.ActiveCfg = Debug|Any CPU
		{E551F33E-F7CA-40A2-A558-3606BB315E6A}.Debug|Any CPU.Build.0 = Debug|Any CPU
		{E551F33E-F7CA-40A2-A558-3606BB315E6A}.Release|Any CPU.ActiveCfg = Release|Any CPU
		{E551F33E-F7CA-40A2-A558-3606BB315E6A}.Release|Any CPU.Build.0 = Release|Any CPU
		{0F0B3DD5-C1FF-4F20-96A8-415F126157FE}.Debug|Any CPU.ActiveCfg = Debug|Any CPU
		{0F0B3DD5-C1FF-4F20-96A8-415F126157FE}.Debug|Any CPU.Build.0 = Debug|Any CPU
		{0F0B3DD5-C1FF-4F20-96A8-415F126157FE}.Release|Any CPU.ActiveCfg = Release|Any CPU
		{0F0B3DD5-C1FF-4F20-96A8-415F126157FE}.Release|Any CPU.Build.0 = Release|Any CPU
		{73863813-0A40-4B48-BDA2-54D7946544AF}.Debug|Any CPU.ActiveCfg = Debug|Any CPU
		{73863813-0A40-4B48-BDA2-54D7946544AF}.Debug|Any CPU.Build.0 = Debug|Any CPU
		{73863813-0A40-4B48-BDA2-54D7946544AF}.Release|Any CPU.ActiveCfg = Release|Any CPU
		{73863813-0A40-4B48-BDA2-54D7946544AF}.Release|Any CPU.Build.0 = Release|Any CPU
		{F8DED032-5F6B-44A5-9687-B24FF0F5CFDB}.Debug|Any CPU.ActiveCfg = Debug|Any CPU
		{F8DED032-5F6B-44A5-9687-B24FF0F5CFDB}.Debug|Any CPU.Build.0 = Debug|Any CPU
		{F8DED032-5F6B-44A5-9687-B24FF0F5CFDB}.Release|Any CPU.ActiveCfg = Release|Any CPU
		{F8DED032-5F6B-44A5-9687-B24FF0F5CFDB}.Release|Any CPU.Build.0 = Release|Any CPU
		{AB0208CA-B8EA-4F9B-B6DD-F2502BAA9BCA}.Debug|Any CPU.ActiveCfg = Debug|Any CPU
		{AB0208CA-B8EA-4F9B-B6DD-F2502BAA9BCA}.Debug|Any CPU.Build.0 = Debug|Any CPU
		{AB0208CA-B8EA-4F9B-B6DD-F2502BAA9BCA}.Release|Any CPU.ActiveCfg = Release|Any CPU
		{AB0208CA-B8EA-4F9B-B6DD-F2502BAA9BCA}.Release|Any CPU.Build.0 = Release|Any CPU
		{D1134405-E877-4DF7-BCF2-DB55D3B6277E}.Debug|Any CPU.ActiveCfg = Debug|Any CPU
		{D1134405-E877-4DF7-BCF2-DB55D3B6277E}.Debug|Any CPU.Build.0 = Debug|Any CPU
		{D1134405-E877-4DF7-BCF2-DB55D3B6277E}.Release|Any CPU.ActiveCfg = Release|Any CPU
		{D1134405-E877-4DF7-BCF2-DB55D3B6277E}.Release|Any CPU.Build.0 = Release|Any CPU
		{C52CEFF8-5412-4E3F-817D-C8E9AA0A5F17}.Debug|Any CPU.ActiveCfg = Debug|Any CPU
		{C52CEFF8-5412-4E3F-817D-C8E9AA0A5F17}.Debug|Any CPU.Build.0 = Debug|Any CPU
		{C52CEFF8-5412-4E3F-817D-C8E9AA0A5F17}.Release|Any CPU.ActiveCfg = Release|Any CPU
		{C52CEFF8-5412-4E3F-817D-C8E9AA0A5F17}.Release|Any CPU.Build.0 = Release|Any CPU
		{B45EA1BF-6716-47CF-BC30-B0B86B01236F}.Debug|Any CPU.ActiveCfg = Debug|Any CPU
		{B45EA1BF-6716-47CF-BC30-B0B86B01236F}.Debug|Any CPU.Build.0 = Debug|Any CPU
		{B45EA1BF-6716-47CF-BC30-B0B86B01236F}.Release|Any CPU.ActiveCfg = Release|Any CPU
		{B45EA1BF-6716-47CF-BC30-B0B86B01236F}.Release|Any CPU.Build.0 = Release|Any CPU
		{B3D94990-5483-4368-B3E2-A171E6217FB3}.Debug|Any CPU.ActiveCfg = Debug|Any CPU
		{B3D94990-5483-4368-B3E2-A171E6217FB3}.Debug|Any CPU.Build.0 = Debug|Any CPU
		{B3D94990-5483-4368-B3E2-A171E6217FB3}.Release|Any CPU.ActiveCfg = Release|Any CPU
		{B3D94990-5483-4368-B3E2-A171E6217FB3}.Release|Any CPU.Build.0 = Release|Any CPU
		{DDC93AC1-B98B-4595-AD6D-C81D7741EAB9}.Debug|Any CPU.ActiveCfg = Debug|Any CPU
		{DDC93AC1-B98B-4595-AD6D-C81D7741EAB9}.Debug|Any CPU.Build.0 = Debug|Any CPU
		{DDC93AC1-B98B-4595-AD6D-C81D7741EAB9}.Release|Any CPU.ActiveCfg = Release|Any CPU
		{DDC93AC1-B98B-4595-AD6D-C81D7741EAB9}.Release|Any CPU.Build.0 = Release|Any CPU
		{E9753F68-5187-4E60-9F79-02F6B6D760C7}.Debug|Any CPU.ActiveCfg = Debug|Any CPU
		{E9753F68-5187-4E60-9F79-02F6B6D760C7}.Debug|Any CPU.Build.0 = Debug|Any CPU
		{E9753F68-5187-4E60-9F79-02F6B6D760C7}.Release|Any CPU.ActiveCfg = Release|Any CPU
		{E9753F68-5187-4E60-9F79-02F6B6D760C7}.Release|Any CPU.Build.0 = Release|Any CPU
		{A93377F3-D2FC-4C9D-BD1E-41006D884102}.Debug|Any CPU.ActiveCfg = Debug|Any CPU
		{A93377F3-D2FC-4C9D-BD1E-41006D884102}.Debug|Any CPU.Build.0 = Debug|Any CPU
		{A93377F3-D2FC-4C9D-BD1E-41006D884102}.Release|Any CPU.ActiveCfg = Release|Any CPU
		{A93377F3-D2FC-4C9D-BD1E-41006D884102}.Release|Any CPU.Build.0 = Release|Any CPU
	EndGlobalSection
EndGlobal
